
Microsoft Visual Studio Solution File, Format Version 12.00
# Visual Studio Version 17
VisualStudioVersion = 17.9.34728.123
MinimumVisualStudioVersion = 10.0.40219.1
Project("{9A19103F-16F7-4668-BE54-9A1E7A4F7556}") = "PaperTrails.Api", "PaperTrails.Api\PaperTrails.Api.csproj", "{17586B83-22DF-4751-A19A-06177017658C}"
EndProject
Global
	GlobalSection(SolutionConfigurationPlatforms) = preSolution
		Debug|Any CPU = Debug|Any CPU
		Release|Any CPU = Release|Any CPU
	EndGlobalSection
	GlobalSection(ProjectConfigurationPlatforms) = postSolution
		{17586B83-22DF-4751-A19A-06177017658C}.Debug|Any CPU.ActiveCfg = Debug|Any CPU
		{17586B83-22DF-4751-A19A-06177017658C}.Debug|Any CPU.Build.0 = Debug|Any CPU
		{17586B83-22DF-4751-A19A-06177017658C}.Release|Any CPU.ActiveCfg = Release|Any CPU
		{17586B83-22DF-4751-A19A-06177017658C}.Release|Any CPU.Build.0 = Release|Any CPU
	EndGlobalSection
	GlobalSection(SolutionProperties) = preSolution
		HideSolutionNode = FALSE
	EndGlobalSection
	GlobalSection(ExtensibilityGlobals) = postSolution
		SolutionGuid = {901B03C2-57B8-4657-9E00-EF8E19203780}
	EndGlobalSection
EndGlobal
